// !$*UTF8*$!
{
	archiveVersion = 1;
	classes = {
	};
	objectVersion = 46;
	objects = {

/* Begin PBXBuildFile section */
		3F5E93BC1C0F52280039A269 /* AppDelegate.swift in Sources */ = {isa = PBXBuildFile; fileRef = 3F5E93BB1C0F52280039A269 /* AppDelegate.swift */; };
		3F5E93BE1C0F52280039A269 /* ViewController.swift in Sources */ = {isa = PBXBuildFile; fileRef = 3F5E93BD1C0F52280039A269 /* ViewController.swift */; };
		3F5E93C11C0F52280039A269 /* Main.storyboard in Resources */ = {isa = PBXBuildFile; fileRef = 3F5E93BF1C0F52280039A269 /* Main.storyboard */; };
		3F5E93C31C0F52280039A269 /* Assets.xcassets in Resources */ = {isa = PBXBuildFile; fileRef = 3F5E93C21C0F52280039A269 /* Assets.xcassets */; };
		3F5E93C61C0F52280039A269 /* LaunchScreen.storyboard in Resources */ = {isa = PBXBuildFile; fileRef = 3F5E93C41C0F52280039A269 /* LaunchScreen.storyboard */; };
		3F5E93D11C0F52280039A269 /* High_LowTests.swift in Sources */ = {isa = PBXBuildFile; fileRef = 3F5E93D01C0F52280039A269 /* High_LowTests.swift */; };
		3F5E93DC1C0F52280039A269 /* High_LowUITests.swift in Sources */ = {isa = PBXBuildFile; fileRef = 3F5E93DB1C0F52280039A269 /* High_LowUITests.swift */; };
/* End PBXBuildFile section */

/* Begin PBXContainerItemProxy section */
		3F5E93CD1C0F52280039A269 /* PBXContainerItemProxy */ = {
			isa = PBXContainerItemProxy;
			containerPortal = 3F5E93B01C0F52280039A269 /* Project object */;
			proxyType = 1;
			remoteGlobalIDString = 3F5E93B71C0F52280039A269;
			remoteInfo = "High-Low";
		};
		3F5E93D81C0F52280039A269 /* PBXContainerItemProxy */ = {
			isa = PBXContainerItemProxy;
			containerPortal = 3F5E93B01C0F52280039A269 /* Project object */;
			proxyType = 1;
			remoteGlobalIDString = 3F5E93B71C0F52280039A269;
			remoteInfo = "High-Low";
		};
/* End PBXContainerItemProxy section */

/* Begin PBXFileReference section */
		3F5E93B81C0F52280039A269 /* High-Low.app */ = {isa = PBXFileReference; explicitFileType = wrapper.application; includeInIndex = 0; path = "High-Low.app"; sourceTree = BUILT_PRODUCTS_DIR; };
		3F5E93BB1C0F52280039A269 /* AppDelegate.swift */ = {isa = PBXFileReference; lastKnownFileType = sourcecode.swift; path = AppDelegate.swift; sourceTree = "<group>"; };
		3F5E93BD1C0F52280039A269 /* ViewController.swift */ = {isa = PBXFileReference; lastKnownFileType = sourcecode.swift; path = ViewController.swift; sourceTree = "<group>"; };
		3F5E93C01C0F52280039A269 /* Base */ = {isa = PBXFileReference; lastKnownFileType = file.storyboard; name = Base; path = Base.lproj/Main.storyboard; sourceTree = "<group>"; };
		3F5E93C21C0F52280039A269 /* Assets.xcassets */ = {isa = PBXFileReference; lastKnownFileType = folder.assetcatalog; path = Assets.xcassets; sourceTree = "<group>"; };
		3F5E93C51C0F52280039A269 /* Base */ = {isa = PBXFileReference; lastKnownFileType = file.storyboard; name = Base; path = Base.lproj/LaunchScreen.storyboard; sourceTree = "<group>"; };
		3F5E93C71C0F52280039A269 /* Info.plist */ = {isa = PBXFileReference; lastKnownFileType = text.plist.xml; path = Info.plist; sourceTree = "<group>"; };
		3F5E93CC1C0F52280039A269 /* High-LowTests.xctest */ = {isa = PBXFileReference; explicitFileType = wrapper.cfbundle; includeInIndex = 0; path = "High-LowTests.xctest"; sourceTree = BUILT_PRODUCTS_DIR; };
		3F5E93D01C0F52280039A269 /* High_LowTests.swift */ = {isa = PBXFileReference; lastKnownFileType = sourcecode.swift; path = High_LowTests.swift; sourceTree = "<group>"; };
		3F5E93D21C0F52280039A269 /* Info.plist */ = {isa = PBXFileReference; lastKnownFileType = text.plist.xml; path = Info.plist; sourceTree = "<group>"; };
		3F5E93D71C0F52280039A269 /* High-LowUITests.xctest */ = {isa = PBXFileReference; explicitFileType = wrapper.cfbundle; includeInIndex = 0; path = "High-LowUITests.xctest"; sourceTree = BUILT_PRODUCTS_DIR; };
		3F5E93DB1C0F52280039A269 /* High_LowUITests.swift */ = {isa = PBXFileReference; lastKnownFileType = sourcecode.swift; path = High_LowUITests.swift; sourceTree = "<group>"; };
		3F5E93DD1C0F52280039A269 /* Info.plist */ = {isa = PBXFileReference; lastKnownFileType = text.plist.xml; path = Info.plist; sourceTree = "<group>"; };
/* End PBXFileReference section */

/* Begin PBXFrameworksBuildPhase section */
		3F5E93B51C0F52280039A269 /* Frameworks */ = {
			isa = PBXFrameworksBuildPhase;
			buildActionMask = 2147483647;
			files = (
			);
			runOnlyForDeploymentPostprocessing = 0;
		};
		3F5E93C91C0F52280039A269 /* Frameworks */ = {
			isa = PBXFrameworksBuildPhase;
			buildActionMask = 2147483647;
			files = (
			);
			runOnlyForDeploymentPostprocessing = 0;
		};
		3F5E93D41C0F52280039A269 /* Frameworks */ = {
			isa = PBXFrameworksBuildPhase;
			buildActionMask = 2147483647;
			files = (
			);
			runOnlyForDeploymentPostprocessing = 0;
		};
/* End PBXFrameworksBuildPhase section */

/* Begin PBXGroup section */
		3F5E93AF1C0F52280039A269 = {
			isa = PBXGroup;
			children = (
				3F5E93BA1C0F52280039A269 /* High-Low */,
				3F5E93CF1C0F52280039A269 /* High-LowTests */,
				3F5E93DA1C0F52280039A269 /* High-LowUITests */,
				3F5E93B91C0F52280039A269 /* Products */,
			);
			sourceTree = "<group>";
		};
		3F5E93B91C0F52280039A269 /* Products */ = {
			isa = PBXGroup;
			children = (
				3F5E93B81C0F52280039A269 /* High-Low.app */,
				3F5E93CC1C0F52280039A269 /* High-LowTests.xctest */,
				3F5E93D71C0F52280039A269 /* High-LowUITests.xctest */,
			);
			name = Products;
			sourceTree = "<group>";
		};
		3F5E93BA1C0F52280039A269 /* High-Low */ = {
			isa = PBXGroup;
			children = (
				3F5E93BB1C0F52280039A269 /* AppDelegate.swift */,
				3F5E93BD1C0F52280039A269 /* ViewController.swift */,
				3F5E93BF1C0F52280039A269 /* Main.storyboard */,
				3F5E93C21C0F52280039A269 /* Assets.xcassets */,
				3F5E93C41C0F52280039A269 /* LaunchScreen.storyboard */,
				3F5E93C71C0F52280039A269 /* Info.plist */,
			);
			path = "High-Low";
			sourceTree = "<group>";
		};
		3F5E93CF1C0F52280039A269 /* High-LowTests */ = {
			isa = PBXGroup;
			children = (
				3F5E93D01C0F52280039A269 /* High_LowTests.swift */,
				3F5E93D21C0F52280039A269 /* Info.plist */,
			);
			path = "High-LowTests";
			sourceTree = "<group>";
		};
		3F5E93DA1C0F52280039A269 /* High-LowUITests */ = {
			isa = PBXGroup;
			children = (
				3F5E93DB1C0F52280039A269 /* High_LowUITests.swift */,
				3F5E93DD1C0F52280039A269 /* Info.plist */,
			);
			path = "High-LowUITests";
			sourceTree = "<group>";
		};
/* End PBXGroup section */

/* Begin PBXNativeTarget section */
		3F5E93B71C0F52280039A269 /* High-Low */ = {
			isa = PBXNativeTarget;
			buildConfigurationList = 3F5E93E01C0F52280039A269 /* Build configuration list for PBXNativeTarget "High-Low" */;
			buildPhases = (
				3F5E93B41C0F52280039A269 /* Sources */,
				3F5E93B51C0F52280039A269 /* Frameworks */,
				3F5E93B61C0F52280039A269 /* Resources */,
			);
			buildRules = (
			);
			dependencies = (
			);
			name = "High-Low";
			productName = "High-Low";
			productReference = 3F5E93B81C0F52280039A269 /* High-Low.app */;
			productType = "com.apple.product-type.application";
		};
		3F5E93CB1C0F52280039A269 /* High-LowTests */ = {
			isa = PBXNativeTarget;
			buildConfigurationList = 3F5E93E31C0F52280039A269 /* Build configuration list for PBXNativeTarget "High-LowTests" */;
			buildPhases = (
				3F5E93C81C0F52280039A269 /* Sources */,
				3F5E93C91C0F52280039A269 /* Frameworks */,
				3F5E93CA1C0F52280039A269 /* Resources */,
			);
			buildRules = (
			);
			dependencies = (
				3F5E93CE1C0F52280039A269 /* PBXTargetDependency */,
			);
			name = "High-LowTests";
			productName = "High-LowTests";
			productReference = 3F5E93CC1C0F52280039A269 /* High-LowTests.xctest */;
			productType = "com.apple.product-type.bundle.unit-test";
		};
		3F5E93D61C0F52280039A269 /* High-LowUITests */ = {
			isa = PBXNativeTarget;
			buildConfigurationList = 3F5E93E61C0F52280039A269 /* Build configuration list for PBXNativeTarget "High-LowUITests" */;
			buildPhases = (
				3F5E93D31C0F52280039A269 /* Sources */,
				3F5E93D41C0F52280039A269 /* Frameworks */,
				3F5E93D51C0F52280039A269 /* Resources */,
			);
			buildRules = (
			);
			dependencies = (
				3F5E93D91C0F52280039A269 /* PBXTargetDependency */,
			);
			name = "High-LowUITests";
			productName = "High-LowUITests";
			productReference = 3F5E93D71C0F52280039A269 /* High-LowUITests.xctest */;
			productType = "com.apple.product-type.bundle.ui-testing";
		};
/* End PBXNativeTarget section */

/* Begin PBXProject section */
		3F5E93B01C0F52280039A269 /* Project object */ = {
			isa = PBXProject;
			attributes = {
				LastSwiftUpdateCheck = 0710;
				LastUpgradeCheck = 0710;
				ORGANIZATIONNAME = "John Gadbois";
				TargetAttributes = {
					3F5E93B71C0F52280039A269 = {
						CreatedOnToolsVersion = 7.1.1;
					};
					3F5E93CB1C0F52280039A269 = {
						CreatedOnToolsVersion = 7.1.1;
						TestTargetID = 3F5E93B71C0F52280039A269;
					};
					3F5E93D61C0F52280039A269 = {
						CreatedOnToolsVersion = 7.1.1;
						TestTargetID = 3F5E93B71C0F52280039A269;
					};
				};
			};
			buildConfigurationList = 3F5E93B31C0F52280039A269 /* Build configuration list for PBXProject "High-Low" */;
			compatibilityVersion = "Xcode 3.2";
			developmentRegion = English;
			hasScannedForEncodings = 0;
			knownRegions = (
				en,
				Base,
			);
			mainGroup = 3F5E93AF1C0F52280039A269;
			productRefGroup = 3F5E93B91C0F52280039A269 /* Products */;
			projectDirPath = "";
			projectRoot = "";
			targets = (
				3F5E93B71C0F52280039A269 /* High-Low */,
				3F5E93CB1C0F52280039A269 /* High-LowTests */,
				3F5E93D61C0F52280039A269 /* High-LowUITests */,
			);
		};
/* End PBXProject section */

/* Begin PBXResourcesBuildPhase section */
		3F5E93B61C0F52280039A269 /* Resources */ = {
			isa = PBXResourcesBuildPhase;
			buildActionMask = 2147483647;
			files = (
				3F5E93C61C0F52280039A269 /* LaunchScreen.storyboard in Resources */,
				3F5E93C31C0F52280039A269 /* Assets.xcassets in Resources */,
				3F5E93C11C0F52280039A269 /* Main.storyboard in Resources */,
			);
			runOnlyForDeploymentPostprocessing = 0;
		};
		3F5E93CA1C0F52280039A269 /* Resources */ = {
			isa = PBXResourcesBuildPhase;
			buildActionMask = 2147483647;
			files = (
			);
			runOnlyForDeploymentPostprocessing = 0;
		};
		3F5E93D51C0F52280039A269 /* Resources */ = {
			isa = PBXResourcesBuildPhase;
			buildActionMask = 2147483647;
			files = (
			);
			runOnlyForDeploymentPostprocessing = 0;
		};
/* End PBXResourcesBuildPhase section */

/* Begin PBXSourcesBuildPhase section */
		3F5E93B41C0F52280039A269 /* Sources */ = {
			isa = PBXSourcesBuildPhase;
			buildActionMask = 2147483647;
			files = (
				3F5E93BE1C0F52280039A269 /* ViewController.swift in Sources */,
				3F5E93BC1C0F52280039A269 /* AppDelegate.swift in Sources */,
			);
			runOnlyForDeploymentPostprocessing = 0;
		};
		3F5E93C81C0F52280039A269 /* Sources */ = {
			isa = PBXSourcesBuildPhase;
			buildActionMask = 2147483647;
			files = (
				3F5E93D11C0F52280039A269 /* High_LowTests.swift in Sources */,
			);
			runOnlyForDeploymentPostprocessing = 0;
		};
		3F5E93D31C0F52280039A269 /* Sources */ = {
			isa = PBXSourcesBuildPhase;
			buildActionMask = 2147483647;
			files = (
				3F5E93DC1C0F52280039A269 /* High_LowUITests.swift in Sources */,
			);
			runOnlyForDeploymentPostprocessing = 0;
		};
/* End PBXSourcesBuildPhase section */

/* Begin PBXTargetDependency section */
		3F5E93CE1C0F52280039A269 /* PBXTargetDependency */ = {
			isa = PBXTargetDependency;
			target = 3F5E93B71C0F52280039A269 /* High-Low */;
			targetProxy = 3F5E93CD1C0F52280039A269 /* PBXContainerItemProxy */;
		};
		3F5E93D91C0F52280039A269 /* PBXTargetDependency */ = {
			isa = PBXTargetDependency;
			target = 3F5E93B71C0F52280039A269 /* High-Low */;
			targetProxy = 3F5E93D81C0F52280039A269 /* PBXContainerItemProxy */;
		};
/* End PBXTargetDependency section */

/* Begin PBXVariantGroup section */
		3F5E93BF1C0F52280039A269 /* Main.storyboard */ = {
			isa = PBXVariantGroup;
			children = (
				3F5E93C01C0F52280039A269 /* Base */,
			);
			name = Main.storyboard;
			sourceTree = "<group>";
		};
		3F5E93C41C0F52280039A269 /* LaunchScreen.storyboard */ = {
			isa = PBXVariantGroup;
			children = (
				3F5E93C51C0F52280039A269 /* Base */,
			);
			name = LaunchScreen.storyboard;
			sourceTree = "<group>";
		};
/* End PBXVariantGroup section */

/* Begin XCBuildConfiguration section */
		3F5E93DE1C0F52280039A269 /* Debug */ = {
			isa = XCBuildConfiguration;
			buildSettings = {
				ALWAYS_SEARCH_USER_PATHS = NO;
				CLANG_CXX_LANGUAGE_STANDARD = "gnu++0x";
				CLANG_CXX_LIBRARY = "libc++";
				CLANG_ENABLE_MODULES = YES;
				CLANG_ENABLE_OBJC_ARC = YES;
				CLANG_WARN_BOOL_CONVERSION = YES;
				CLANG_WARN_CONSTANT_CONVERSION = YES;
				CLANG_WARN_DIRECT_OBJC_ISA_USAGE = YES_ERROR;
				CLANG_WARN_EMPTY_BODY = YES;
				CLANG_WARN_ENUM_CONVERSION = YES;
				CLANG_WARN_INT_CONVERSION = YES;
				CLANG_WARN_OBJC_ROOT_CLASS = YES_ERROR;
				CLANG_WARN_UNREACHABLE_CODE = YES;
				CLANG_WARN__DUPLICATE_METHOD_MATCH = YES;
				"CODE_SIGN_IDENTITY[sdk=iphoneos*]" = "iPhone Developer";
				COPY_PHASE_STRIP = NO;
				DEBUG_INFORMATION_FORMAT = dwarf;
				ENABLE_STRICT_OBJC_MSGSEND = YES;
				ENABLE_TESTABILITY = YES;
				GCC_C_LANGUAGE_STANDARD = gnu99;
				GCC_DYNAMIC_NO_PIC = NO;
				GCC_NO_COMMON_BLOCKS = YES;
				GCC_OPTIMIZATION_LEVEL = 0;
				GCC_PREPROCESSOR_DEFINITIONS = (
					"DEBUG=1",
					"$(inherited)",
				);
				GCC_WARN_64_TO_32_BIT_CONVERSION = YES;
				GCC_WARN_ABOUT_RETURN_TYPE = YES_ERROR;
				GCC_WARN_UNDECLARED_SELECTOR = YES;
				GCC_WARN_UNINITIALIZED_AUTOS = YES_AGGRESSIVE;
				GCC_WARN_UNUSED_FUNCTION = YES;
				GCC_WARN_UNUSED_VARIABLE = YES;
				IPHONEOS_DEPLOYMENT_TARGET = 9.1;
				MTL_ENABLE_DEBUG_INFO = YES;
				ONLY_ACTIVE_ARCH = YES;
				SDKROOT = iphoneos;
				SWIFT_OPTIMIZATION_LEVEL = "-Onone";
				TARGETED_DEVICE_FAMILY = "1,2";
			};
			name = Debug;
		};
		3F5E93DF1C0F52280039A269 /* Release */ = {
			isa = XCBuildConfiguration;
			buildSettings = {
				ALWAYS_SEARCH_USER_PATHS = NO;
				CLANG_CXX_LANGUAGE_STANDARD = "gnu++0x";
				CLANG_CXX_LIBRARY = "libc++";
				CLANG_ENABLE_MODULES = YES;
				CLANG_ENABLE_OBJC_ARC = YES;
				CLANG_WARN_BOOL_CONVERSION = YES;
				CLANG_WARN_CONSTANT_CONVERSION = YES;
				CLANG_WARN_DIRECT_OBJC_ISA_USAGE = YES_ERROR;
				CLANG_WARN_EMPTY_BODY = YES;
				CLANG_WARN_ENUM_CONVERSION = YES;
				CLANG_WARN_INT_CONVERSION = YES;
				CLANG_WARN_OBJC_ROOT_CLASS = YES_ERROR;
				CLANG_WARN_UNREACHABLE_CODE = YES;
				CLANG_WARN__DUPLICATE_METHOD_MATCH = YES;
				"CODE_SIGN_IDENTITY[sdk=iphoneos*]" = "iPhone Developer";
				COPY_PHASE_STRIP = NO;
				DEBUG_INFORMATION_FORMAT = "dwarf-with-dsym";
				ENABLE_NS_ASSERTIONS = NO;
				ENABLE_STRICT_OBJC_MSGSEND = YES;
				GCC_C_LANGUAGE_STANDARD = gnu99;
				GCC_NO_COMMON_BLOCKS = YES;
				GCC_WARN_64_TO_32_BIT_CONVERSION = YES;
				GCC_WARN_ABOUT_RETURN_TYPE = YES_ERROR;
				GCC_WARN_UNDECLARED_SELECTOR = YES;
				GCC_WARN_UNINITIALIZED_AUTOS = YES_AGGRESSIVE;
				GCC_WARN_UNUSED_FUNCTION = YES;
				GCC_WARN_UNUSED_VARIABLE = YES;
				IPHONEOS_DEPLOYMENT_TARGET = 9.1;
				MTL_ENABLE_DEBUG_INFO = NO;
				SDKROOT = iphoneos;
				TARGETED_DEVICE_FAMILY = "1,2";
				VALIDATE_PRODUCT = YES;
			};
			name = Release;
		};
		3F5E93E11C0F52280039A269 /* Debug */ = {
			isa = XCBuildConfiguration;
			buildSettings = {
				ASSETCATALOG_COMPILER_APPICON_NAME = AppIcon;
				INFOPLIST_FILE = "High-Low/Info.plist";
				LD_RUNPATH_SEARCH_PATHS = "$(inherited) @executable_path/Frameworks";
				PRODUCT_BUNDLE_IDENTIFIER = "jgadbois.High-Low";
				PRODUCT_NAME = "$(TARGET_NAME)";
			};
			name = Debug;
		};
		3F5E93E21C0F52280039A269 /* Release */ = {
			isa = XCBuildConfiguration;
			buildSettings = {
				ASSETCATALOG_COMPILER_APPICON_NAME = AppIcon;
				INFOPLIST_FILE = "High-Low/Info.plist";
				LD_RUNPATH_SEARCH_PATHS = "$(inherited) @executable_path/Frameworks";
				PRODUCT_BUNDLE_IDENTIFIER = "jgadbois.High-Low";
				PRODUCT_NAME = "$(TARGET_NAME)";
			};
			name = Release;
		};
		3F5E93E41C0F52280039A269 /* Debug */ = {
			isa = XCBuildConfiguration;
			buildSettings = {
				BUNDLE_LOADER = "$(TEST_HOST)";
				INFOPLIST_FILE = "High-LowTests/Info.plist";
				LD_RUNPATH_SEARCH_PATHS = "$(inherited) @executable_path/Frameworks @loader_path/Frameworks";
				PRODUCT_BUNDLE_IDENTIFIER = "jgadbois.High-LowTests";
				PRODUCT_NAME = "$(TARGET_NAME)";
				TEST_HOST = "$(BUILT_PRODUCTS_DIR)/High-Low.app/High-Low";
			};
			name = Debug;
		};
		3F5E93E51C0F52280039A269 /* Release */ = {
			isa = XCBuildConfiguration;
			buildSettings = {
				BUNDLE_LOADER = "$(TEST_HOST)";
				INFOPLIST_FILE = "High-LowTests/Info.plist";
				LD_RUNPATH_SEARCH_PATHS = "$(inherited) @executable_path/Frameworks @loader_path/Frameworks";
				PRODUCT_BUNDLE_IDENTIFIER = "jgadbois.High-LowTests";
				PRODUCT_NAME = "$(TARGET_NAME)";
				TEST_HOST = "$(BUILT_PRODUCTS_DIR)/High-Low.app/High-Low";
			};
			name = Release;
		};
		3F5E93E71C0F52280039A269 /* Debug */ = {
			isa = XCBuildConfiguration;
			buildSettings = {
				INFOPLIST_FILE = "High-LowUITests/Info.plist";
				LD_RUNPATH_SEARCH_PATHS = "$(inherited) @executable_path/Frameworks @loader_path/Frameworks";
				PRODUCT_BUNDLE_IDENTIFIER = "jgadbois.High-LowUITests";
				PRODUCT_NAME = "$(TARGET_NAME)";
				TEST_TARGET_NAME = "High-Low";
				USES_XCTRUNNER = YES;
			};
			name = Debug;
		};
		3F5E93E81C0F52280039A269 /* Release */ = {
			isa = XCBuildConfiguration;
			buildSettings = {
				INFOPLIST_FILE = "High-LowUITests/Info.plist";
				LD_RUNPATH_SEARCH_PATHS = "$(inherited) @executable_path/Frameworks @loader_path/Frameworks";
				PRODUCT_BUNDLE_IDENTIFIER = "jgadbois.High-LowUITests";
				PRODUCT_NAME = "$(TARGET_NAME)";
				TEST_TARGET_NAME = "High-Low";
				USES_XCTRUNNER = YES;
			};
			name = Release;
		};
/* End XCBuildConfiguration section */

/* Begin XCConfigurationList section */
		3F5E93B31C0F52280039A269 /* Build configuration list for PBXProject "High-Low" */ = {
			isa = XCConfigurationList;
			buildConfigurations = (
				3F5E93DE1C0F52280039A269 /* Debug */,
				3F5E93DF1C0F52280039A269 /* Release */,
			);
			defaultConfigurationIsVisible = 0;
			defaultConfigurationName = Release;
		};
		3F5E93E01C0F52280039A269 /* Build configuration list for PBXNativeTarget "High-Low" */ = {
			isa = XCConfigurationList;
			buildConfigurations = (
				3F5E93E11C0F52280039A269 /* Debug */,
				3F5E93E21C0F52280039A269 /* Release */,
			);
			defaultConfigurationIsVisible = 0;
		};
		3F5E93E31C0F52280039A269 /* Build configuration list for PBXNativeTarget "High-LowTests" */ = {
			isa = XCConfigurationList;
			buildConfigurations = (
				3F5E93E41C0F52280039A269 /* Debug */,
				3F5E93E51C0F52280039A269 /* Release */,
			);
			defaultConfigurationIsVisible = 0;
		};
		3F5E93E61C0F52280039A269 /* Build configuration list for PBXNativeTarget "High-LowUITests" */ = {
			isa = XCConfigurationList;
			buildConfigurations = (
				3F5E93E71C0F52280039A269 /* Debug */,
				3F5E93E81C0F52280039A269 /* Release */,
			);
			defaultConfigurationIsVisible = 0;
		};
/* End XCConfigurationList section */
	};
	rootObject = 3F5E93B01C0F52280039A269 /* Project object */;
}
